// !$*UTF8*$!
{
	archiveVersion = 1;
	classes = {
	};
	objectVersion = 56;
	objects = {

/* Begin PBXBuildFile section */
		F10345E52B1B7E910076C94A /* AppDelegate.swift in Sources */ = {isa = PBXBuildFile; fileRef = F10345E42B1B7E910076C94A /* AppDelegate.swift */; };
		F10345E72B1B7E920076C94A /* GameScene.sks in Resources */ = {isa = PBXBuildFile; fileRef = F10345E62B1B7E920076C94A /* GameScene.sks */; };
		F10345E92B1B7E920076C94A /* Actions.sks in Resources */ = {isa = PBXBuildFile; fileRef = F10345E82B1B7E920076C94A /* Actions.sks */; };
		F10345EB2B1B7E920076C94A /* GameScene.swift in Sources */ = {isa = PBXBuildFile; fileRef = F10345EA2B1B7E920076C94A /* GameScene.swift */; };
		F10345ED2B1B7E920076C94A /* GameViewController.swift in Sources */ = {isa = PBXBuildFile; fileRef = F10345EC2B1B7E920076C94A /* GameViewController.swift */; };
		F10345F02B1B7E920076C94A /* Main.storyboard in Resources */ = {isa = PBXBuildFile; fileRef = F10345EE2B1B7E920076C94A /* Main.storyboard */; };
		F10345F22B1B7E970076C94A /* Assets.xcassets in Resources */ = {isa = PBXBuildFile; fileRef = F10345F12B1B7E970076C94A /* Assets.xcassets */; };
		F10345F52B1B7E970076C94A /* LaunchScreen.storyboard in Resources */ = {isa = PBXBuildFile; fileRef = F10345F32B1B7E970076C94A /* LaunchScreen.storyboard */; };
		F10346202B1F993B0076C94A /* WelcomeScene.swift in Sources */ = {isa = PBXBuildFile; fileRef = F103461F2B1F993B0076C94A /* WelcomeScene.swift */; };
		F10346242B1F9A4C0076C94A /* WelcomeScene.sks in Resources */ = {isa = PBXBuildFile; fileRef = F10346232B1F9A4C0076C94A /* WelcomeScene.sks */; };
		F10346262B209B3C0076C94A /* LevelTwoScene.sks in Resources */ = {isa = PBXBuildFile; fileRef = F10346252B209B3C0076C94A /* LevelTwoScene.sks */; };
		F10346282B209B5C0076C94A /* LevelTwoScene.swift in Sources */ = {isa = PBXBuildFile; fileRef = F10346272B209B5C0076C94A /* LevelTwoScene.swift */; };
		F103462A2B20EF470076C94A /* LevelThreeScene.swift in Sources */ = {isa = PBXBuildFile; fileRef = F10346292B20EF460076C94A /* LevelThreeScene.swift */; };
		F103462C2B20EF590076C94A /* LevelThreeScene.sks in Resources */ = {isa = PBXBuildFile; fileRef = F103462B2B20EF590076C94A /* LevelThreeScene.sks */; };
/* End PBXBuildFile section */

/* Begin PBXFileReference section */
		F10345E12B1B7E910076C94A /* Putt-Putt Odyssey.app */ = {isa = PBXFileReference; explicitFileType = wrapper.application; includeInIndex = 0; path = "Putt-Putt Odyssey.app"; sourceTree = BUILT_PRODUCTS_DIR; };
		F10345E42B1B7E910076C94A /* AppDelegate.swift */ = {isa = PBXFileReference; lastKnownFileType = sourcecode.swift; path = AppDelegate.swift; sourceTree = "<group>"; };
		F10345E62B1B7E920076C94A /* GameScene.sks */ = {isa = PBXFileReference; lastKnownFileType = file.sks; path = GameScene.sks; sourceTree = "<group>"; };
		F10345E82B1B7E920076C94A /* Actions.sks */ = {isa = PBXFileReference; lastKnownFileType = file.sks; path = Actions.sks; sourceTree = "<group>"; };
		F10345EA2B1B7E920076C94A /* GameScene.swift */ = {isa = PBXFileReference; lastKnownFileType = sourcecode.swift; path = GameScene.swift; sourceTree = "<group>"; };
		F10345EC2B1B7E920076C94A /* GameViewController.swift */ = {isa = PBXFileReference; lastKnownFileType = sourcecode.swift; path = GameViewController.swift; sourceTree = "<group>"; };
		F10345EF2B1B7E920076C94A /* Base */ = {isa = PBXFileReference; lastKnownFileType = file.storyboard; name = Base; path = Base.lproj/Main.storyboard; sourceTree = "<group>"; };
		F10345F12B1B7E970076C94A /* Assets.xcassets */ = {isa = PBXFileReference; lastKnownFileType = folder.assetcatalog; path = Assets.xcassets; sourceTree = "<group>"; };
		F10345F42B1B7E970076C94A /* Base */ = {isa = PBXFileReference; lastKnownFileType = file.storyboard; name = Base; path = Base.lproj/LaunchScreen.storyboard; sourceTree = "<group>"; };
		F103461E2B1E38250076C94A /* Putt-Putt Odyssey.entitlements */ = {isa = PBXFileReference; lastKnownFileType = text.plist.entitlements; path = "Putt-Putt Odyssey.entitlements"; sourceTree = "<group>"; };
		F103461F2B1F993B0076C94A /* WelcomeScene.swift */ = {isa = PBXFileReference; lastKnownFileType = sourcecode.swift; path = WelcomeScene.swift; sourceTree = "<group>"; };
		F10346232B1F9A4C0076C94A /* WelcomeScene.sks */ = {isa = PBXFileReference; lastKnownFileType = file.sks; path = WelcomeScene.sks; sourceTree = "<group>"; };
		F10346252B209B3C0076C94A /* LevelTwoScene.sks */ = {isa = PBXFileReference; lastKnownFileType = file.sks; path = LevelTwoScene.sks; sourceTree = "<group>"; };
		F10346272B209B5C0076C94A /* LevelTwoScene.swift */ = {isa = PBXFileReference; lastKnownFileType = sourcecode.swift; path = LevelTwoScene.swift; sourceTree = "<group>"; };
		F10346292B20EF460076C94A /* LevelThreeScene.swift */ = {isa = PBXFileReference; lastKnownFileType = sourcecode.swift; path = LevelThreeScene.swift; sourceTree = "<group>"; };
		F103462B2B20EF590076C94A /* LevelThreeScene.sks */ = {isa = PBXFileReference; lastKnownFileType = file.sks; path = LevelThreeScene.sks; sourceTree = "<group>"; };
/* End PBXFileReference section */

/* Begin PBXFrameworksBuildPhase section */
		F10345DE2B1B7E910076C94A /* Frameworks */ = {
			isa = PBXFrameworksBuildPhase;
			buildActionMask = 2147483647;
			files = (
			);
			runOnlyForDeploymentPostprocessing = 0;
		};
/* End PBXFrameworksBuildPhase section */

/* Begin PBXGroup section */
		F10345D82B1B7E910076C94A = {
			isa = PBXGroup;
			children = (
				F10345E32B1B7E910076C94A /* Putt-Putt Odyssey */,
				F10345E22B1B7E910076C94A /* Products */,
			);
			sourceTree = "<group>";
		};
		F10345E22B1B7E910076C94A /* Products */ = {
			isa = PBXGroup;
			children = (
				F10345E12B1B7E910076C94A /* Putt-Putt Odyssey.app */,
			);
			name = Products;
			sourceTree = "<group>";
		};
		F10345E32B1B7E910076C94A /* Putt-Putt Odyssey */ = {
			isa = PBXGroup;
			children = (
				F10346292B20EF460076C94A /* LevelThreeScene.swift */,
				F10346232B1F9A4C0076C94A /* WelcomeScene.sks */,
				F103461E2B1E38250076C94A /* Putt-Putt Odyssey.entitlements */,
				F10345E42B1B7E910076C94A /* AppDelegate.swift */,
				F10345E62B1B7E920076C94A /* GameScene.sks */,
				F10345E82B1B7E920076C94A /* Actions.sks */,
				F10345EA2B1B7E920076C94A /* GameScene.swift */,
				F10345EC2B1B7E920076C94A /* GameViewController.swift */,
				F10345EE2B1B7E920076C94A /* Main.storyboard */,
				F10345F12B1B7E970076C94A /* Assets.xcassets */,
				F10345F32B1B7E970076C94A /* LaunchScreen.storyboard */,
				F103461F2B1F993B0076C94A /* WelcomeScene.swift */,
				F10346252B209B3C0076C94A /* LevelTwoScene.sks */,
				F10346272B209B5C0076C94A /* LevelTwoScene.swift */,
				F103462B2B20EF590076C94A /* LevelThreeScene.sks */,
			);
			path = "Putt-Putt Odyssey";
			sourceTree = "<group>";
		};
/* End PBXGroup section */

/* Begin PBXNativeTarget section */
		F10345E02B1B7E910076C94A /* Putt-Putt Odyssey */ = {
			isa = PBXNativeTarget;
			buildConfigurationList = F10345F82B1B7E970076C94A /* Build configuration list for PBXNativeTarget "Putt-Putt Odyssey" */;
			buildPhases = (
				F10345DD2B1B7E910076C94A /* Sources */,
				F10345DE2B1B7E910076C94A /* Frameworks */,
				F10345DF2B1B7E910076C94A /* Resources */,
			);
			buildRules = (
			);
			dependencies = (
			);
			name = "Putt-Putt Odyssey";
			productName = "Putt-Putt Odyssey";
			productReference = F10345E12B1B7E910076C94A /* Putt-Putt Odyssey.app */;
			productType = "com.apple.product-type.application";
		};
/* End PBXNativeTarget section */

/* Begin PBXProject section */
		F10345D92B1B7E910076C94A /* Project object */ = {
			isa = PBXProject;
			attributes = {
				BuildIndependentTargetsInParallel = 1;
				LastSwiftUpdateCheck = 1500;
				LastUpgradeCheck = 1500;
				TargetAttributes = {
					F10345E02B1B7E910076C94A = {
						CreatedOnToolsVersion = 15.0.1;
					};
				};
			};
			buildConfigurationList = F10345DC2B1B7E910076C94A /* Build configuration list for PBXProject "Putt-Putt Odyssey" */;
			compatibilityVersion = "Xcode 14.0";
			developmentRegion = en;
			hasScannedForEncodings = 0;
			knownRegions = (
				en,
				Base,
			);
			mainGroup = F10345D82B1B7E910076C94A;
			productRefGroup = F10345E22B1B7E910076C94A /* Products */;
			projectDirPath = "";
			projectRoot = "";
			targets = (
				F10345E02B1B7E910076C94A /* Putt-Putt Odyssey */,
			);
		};
/* End PBXProject section */

/* Begin PBXResourcesBuildPhase section */
		F10345DF2B1B7E910076C94A /* Resources */ = {
			isa = PBXResourcesBuildPhase;
			buildActionMask = 2147483647;
			files = (
				F103462C2B20EF590076C94A /* LevelThreeScene.sks in Resources */,
				F10346262B209B3C0076C94A /* LevelTwoScene.sks in Resources */,
				F10345F02B1B7E920076C94A /* Main.storyboard in Resources */,
				F10345E72B1B7E920076C94A /* GameScene.sks in Resources */,
				F10345F22B1B7E970076C94A /* Assets.xcassets in Resources */,
				F10345F52B1B7E970076C94A /* LaunchScreen.storyboard in Resources */,
				F10346242B1F9A4C0076C94A /* WelcomeScene.sks in Resources */,
				F10345E92B1B7E920076C94A /* Actions.sks in Resources */,
			);
			runOnlyForDeploymentPostprocessing = 0;
		};
/* End PBXResourcesBuildPhase section */

/* Begin PBXSourcesBuildPhase section */
		F10345DD2B1B7E910076C94A /* Sources */ = {
			isa = PBXSourcesBuildPhase;
			buildActionMask = 2147483647;
			files = (
				F10345EB2B1B7E920076C94A /* GameScene.swift in Sources */,
				F10345ED2B1B7E920076C94A /* GameViewController.swift in Sources */,
				F103462A2B20EF470076C94A /* LevelThreeScene.swift in Sources */,
				F10345E52B1B7E910076C94A /* AppDelegate.swift in Sources */,
				F10346282B209B5C0076C94A /* LevelTwoScene.swift in Sources */,
				F10346202B1F993B0076C94A /* WelcomeScene.swift in Sources */,
			);
			runOnlyForDeploymentPostprocessing = 0;
		};
/* End PBXSourcesBuildPhase section */

/* Begin PBXVariantGroup section */
		F10345EE2B1B7E920076C94A /* Main.storyboard */ = {
			isa = PBXVariantGroup;
			children = (
				F10345EF2B1B7E920076C94A /* Base */,
			);
			name = Main.storyboard;
			sourceTree = "<group>";
		};
		F10345F32B1B7E970076C94A /* LaunchScreen.storyboard */ = {
			isa = PBXVariantGroup;
			children = (
				F10345F42B1B7E970076C94A /* Base */,
			);
			name = LaunchScreen.storyboard;
			sourceTree = "<group>";
		};
/* End PBXVariantGroup section */

/* Begin XCBuildConfiguration section */
		F10345F62B1B7E970076C94A /* Debug */ = {
			isa = XCBuildConfiguration;
			buildSettings = {
				ALWAYS_SEARCH_USER_PATHS = NO;
				ASSETCATALOG_COMPILER_GENERATE_SWIFT_ASSET_SYMBOL_EXTENSIONS = YES;
				CLANG_ANALYZER_NONNULL = YES;
				CLANG_ANALYZER_NUMBER_OBJECT_CONVERSION = YES_AGGRESSIVE;
				CLANG_CXX_LANGUAGE_STANDARD = "gnu++20";
				CLANG_ENABLE_MODULES = YES;
				CLANG_ENABLE_OBJC_ARC = YES;
				CLANG_ENABLE_OBJC_WEAK = YES;
				CLANG_WARN_BLOCK_CAPTURE_AUTORELEASING = YES;
				CLANG_WARN_BOOL_CONVERSION = YES;
				CLANG_WARN_COMMA = YES;
				CLANG_WARN_CONSTANT_CONVERSION = YES;
				CLANG_WARN_DEPRECATED_OBJC_IMPLEMENTATIONS = YES;
				CLANG_WARN_DIRECT_OBJC_ISA_USAGE = YES_ERROR;
				CLANG_WARN_DOCUMENTATION_COMMENTS = YES;
				CLANG_WARN_EMPTY_BODY = YES;
				CLANG_WARN_ENUM_CONVERSION = YES;
				CLANG_WARN_INFINITE_RECURSION = YES;
				CLANG_WARN_INT_CONVERSION = YES;
				CLANG_WARN_NON_LITERAL_NULL_CONVERSION = YES;
				CLANG_WARN_OBJC_IMPLICIT_RETAIN_SELF = YES;
				CLANG_WARN_OBJC_LITERAL_CONVERSION = YES;
				CLANG_WARN_OBJC_ROOT_CLASS = YES_ERROR;
				CLANG_WARN_QUOTED_INCLUDE_IN_FRAMEWORK_HEADER = YES;
				CLANG_WARN_RANGE_LOOP_ANALYSIS = YES;
				CLANG_WARN_STRICT_PROTOTYPES = YES;
				CLANG_WARN_SUSPICIOUS_MOVE = YES;
				CLANG_WARN_UNGUARDED_AVAILABILITY = YES_AGGRESSIVE;
				CLANG_WARN_UNREACHABLE_CODE = YES;
				CLANG_WARN__DUPLICATE_METHOD_MATCH = YES;
				COPY_PHASE_STRIP = NO;
				DEBUG_INFORMATION_FORMAT = dwarf;
				ENABLE_STRICT_OBJC_MSGSEND = YES;
				ENABLE_TESTABILITY = YES;
				ENABLE_USER_SCRIPT_SANDBOXING = YES;
				GCC_C_LANGUAGE_STANDARD = gnu17;
				GCC_DYNAMIC_NO_PIC = NO;
				GCC_NO_COMMON_BLOCKS = YES;
				GCC_OPTIMIZATION_LEVEL = 0;
				GCC_PREPROCESSOR_DEFINITIONS = (
					"DEBUG=1",
					"$(inherited)",
				);
				GCC_WARN_64_TO_32_BIT_CONVERSION = YES;
				GCC_WARN_ABOUT_RETURN_TYPE = YES_ERROR;
				GCC_WARN_UNDECLARED_SELECTOR = YES;
				GCC_WARN_UNINITIALIZED_AUTOS = YES_AGGRESSIVE;
				GCC_WARN_UNUSED_FUNCTION = YES;
				GCC_WARN_UNUSED_VARIABLE = YES;
				IPHONEOS_DEPLOYMENT_TARGET = 17.0;
				LOCALIZATION_PREFERS_STRING_CATALOGS = YES;
				MTL_ENABLE_DEBUG_INFO = INCLUDE_SOURCE;
				MTL_FAST_MATH = YES;
				ONLY_ACTIVE_ARCH = YES;
				SDKROOT = iphoneos;
				SWIFT_ACTIVE_COMPILATION_CONDITIONS = "DEBUG $(inherited)";
				SWIFT_OPTIMIZATION_LEVEL = "-Onone";
			};
			name = Debug;
		};
		F10345F72B1B7E970076C94A /* Release */ = {
			isa = XCBuildConfiguration;
			buildSettings = {
				ALWAYS_SEARCH_USER_PATHS = NO;
				ASSETCATALOG_COMPILER_GENERATE_SWIFT_ASSET_SYMBOL_EXTENSIONS = YES;
				CLANG_ANALYZER_NONNULL = YES;
				CLANG_ANALYZER_NUMBER_OBJECT_CONVERSION = YES_AGGRESSIVE;
				CLANG_CXX_LANGUAGE_STANDARD = "gnu++20";
				CLANG_ENABLE_MODULES = YES;
				CLANG_ENABLE_OBJC_ARC = YES;
				CLANG_ENABLE_OBJC_WEAK = YES;
				CLANG_WARN_BLOCK_CAPTURE_AUTORELEASING = YES;
				CLANG_WARN_BOOL_CONVERSION = YES;
				CLANG_WARN_COMMA = YES;
				CLANG_WARN_CONSTANT_CONVERSION = YES;
				CLANG_WARN_DEPRECATED_OBJC_IMPLEMENTATIONS = YES;
				CLANG_WARN_DIRECT_OBJC_ISA_USAGE = YES_ERROR;
				CLANG_WARN_DOCUMENTATION_COMMENTS = YES;
				CLANG_WARN_EMPTY_BODY = YES;
				CLANG_WARN_ENUM_CONVERSION = YES;
				CLANG_WARN_INFINITE_RECURSION = YES;
				CLANG_WARN_INT_CONVERSION = YES;
				CLANG_WARN_NON_LITERAL_NULL_CONVERSION = YES;
				CLANG_WARN_OBJC_IMPLICIT_RETAIN_SELF = YES;
				CLANG_WARN_OBJC_LITERAL_CONVERSION = YES;
				CLANG_WARN_OBJC_ROOT_CLASS = YES_ERROR;
				CLANG_WARN_QUOTED_INCLUDE_IN_FRAMEWORK_HEADER = YES;
				CLANG_WARN_RANGE_LOOP_ANALYSIS = YES;
				CLANG_WARN_STRICT_PROTOTYPES = YES;
				CLANG_WARN_SUSPICIOUS_MOVE = YES;
				CLANG_WARN_UNGUARDED_AVAILABILITY = YES_AGGRESSIVE;
				CLANG_WARN_UNREACHABLE_CODE = YES;
				CLANG_WARN__DUPLICATE_METHOD_MATCH = YES;
				COPY_PHASE_STRIP = NO;
				DEBUG_INFORMATION_FORMAT = "dwarf-with-dsym";
				ENABLE_NS_ASSERTIONS = NO;
				ENABLE_STRICT_OBJC_MSGSEND = YES;
				ENABLE_USER_SCRIPT_SANDBOXING = YES;
				GCC_C_LANGUAGE_STANDARD = gnu17;
				GCC_NO_COMMON_BLOCKS = YES;
				GCC_WARN_64_TO_32_BIT_CONVERSION = YES;
				GCC_WARN_ABOUT_RETURN_TYPE = YES_ERROR;
				GCC_WARN_UNDECLARED_SELECTOR = YES;
				GCC_WARN_UNINITIALIZED_AUTOS = YES_AGGRESSIVE;
				GCC_WARN_UNUSED_FUNCTION = YES;
				GCC_WARN_UNUSED_VARIABLE = YES;
				IPHONEOS_DEPLOYMENT_TARGET = 17.0;
				LOCALIZATION_PREFERS_STRING_CATALOGS = YES;
				MTL_ENABLE_DEBUG_INFO = NO;
				MTL_FAST_MATH = YES;
				SDKROOT = iphoneos;
				SWIFT_COMPILATION_MODE = wholemodule;
				VALIDATE_PRODUCT = YES;
			};
			name = Release;
		};
		F10345F92B1B7E970076C94A /* Debug */ = {
			isa = XCBuildConfiguration;
			buildSettings = {
				ASSETCATALOG_COMPILER_APPICON_NAME = AppIcon;
				ASSETCATALOG_COMPILER_GLOBAL_ACCENT_COLOR_NAME = AccentColor;
				CODE_SIGN_ENTITLEMENTS = "Putt-Putt Odyssey/Putt-Putt Odyssey.entitlements";
				CODE_SIGN_STYLE = Automatic;
				CURRENT_PROJECT_VERSION = 3;
				DEVELOPMENT_TEAM = 9V2V87D3HV;
				GENERATE_INFOPLIST_FILE = YES;
				INFOPLIST_KEY_CFBundleDisplayName = "Fairway Saga";
				INFOPLIST_KEY_UIApplicationSupportsIndirectInputEvents = YES;
				INFOPLIST_KEY_UILaunchStoryboardName = LaunchScreen;
				INFOPLIST_KEY_UIMainStoryboardFile = Main;
				INFOPLIST_KEY_UIStatusBarHidden = YES;
				INFOPLIST_KEY_UISupportedInterfaceOrientations = UIInterfaceOrientationPortrait;
				INFOPLIST_KEY_UISupportedInterfaceOrientations_iPad = "UIInterfaceOrientationLandscapeLeft UIInterfaceOrientationLandscapeRight UIInterfaceOrientationPortrait UIInterfaceOrientationPortraitUpsideDown";
				LD_RUNPATH_SEARCH_PATHS = (
					"$(inherited)",
					"@executable_path/Frameworks",
				);
				MARKETING_VERSION = 1.0;
				PRODUCT_BUNDLE_IDENTIFIER = "com.anupambharti.Putt-Putt-Odyssey";
				PRODUCT_NAME = "$(TARGET_NAME)";
				SWIFT_EMIT_LOC_STRINGS = YES;
				SWIFT_VERSION = 5.0;
				TARGETED_DEVICE_FAMILY = "1,2";
			};
			name = Debug;
		};
		F10345FA2B1B7E970076C94A /* Release */ = {
			isa = XCBuildConfiguration;
			buildSettings = {
				ASSETCATALOG_COMPILER_APPICON_NAME = AppIcon;
				ASSETCATALOG_COMPILER_GLOBAL_ACCENT_COLOR_NAME = AccentColor;
				CODE_SIGN_ENTITLEMENTS = "Putt-Putt Odyssey/Putt-Putt Odyssey.entitlements";
				CODE_SIGN_STYLE = Automatic;
				CURRENT_PROJECT_VERSION = 3;
				DEVELOPMENT_TEAM = 9V2V87D3HV;
				GENERATE_INFOPLIST_FILE = YES;
				INFOPLIST_KEY_CFBundleDisplayName = "Fairway Saga";
				INFOPLIST_KEY_UIApplicationSupportsIndirectInputEvents = YES;
				INFOPLIST_KEY_UILaunchStoryboardName = LaunchScreen;
				INFOPLIST_KEY_UIMainStoryboardFile = Main;
				INFOPLIST_KEY_UIStatusBarHidden = YES;
				INFOPLIST_KEY_UISupportedInterfaceOrientations = UIInterfaceOrientationPortrait;
				INFOPLIST_KEY_UISupportedInterfaceOrientations_iPad = "UIInterfaceOrientationLandscapeLeft UIInterfaceOrientationLandscapeRight UIInterfaceOrientationPortrait UIInterfaceOrientationPortraitUpsideDown";
				LD_RUNPATH_SEARCH_PATHS = (
					"$(inherited)",
					"@executable_path/Frameworks",
				);
				MARKETING_VERSION = 1.0;
				PRODUCT_BUNDLE_IDENTIFIER = "com.anupambharti.Putt-Putt-Odyssey";
				PRODUCT_NAME = "$(TARGET_NAME)";
				SWIFT_EMIT_LOC_STRINGS = YES;
				SWIFT_VERSION = 5.0;
				TARGETED_DEVICE_FAMILY = "1,2";
			};
			name = Release;
		};
/* End XCBuildConfiguration section */

/* Begin XCConfigurationList section */
		F10345DC2B1B7E910076C94A /* Build configuration list for PBXProject "Putt-Putt Odyssey" */ = {
			isa = XCConfigurationList;
			buildConfigurations = (
				F10345F62B1B7E970076C94A /* Debug */,
				F10345F72B1B7E970076C94A /* Release */,
			);
			defaultConfigurationIsVisible = 0;
			defaultConfigurationName = Release;
		};
		F10345F82B1B7E970076C94A /* Build configuration list for PBXNativeTarget "Putt-Putt Odyssey" */ = {
			isa = XCConfigurationList;
			buildConfigurations = (
				F10345F92B1B7E970076C94A /* Debug */,
				F10345FA2B1B7E970076C94A /* Release */,
			);
			defaultConfigurationIsVisible = 0;
			defaultConfigurationName = Release;
		};
/* End XCConfigurationList section */
	};
	rootObject = F10345D92B1B7E910076C94A /* Project object */;
}
